// !$*UTF8*$!
{
	archiveVersion = 1;
	classes = {
	};
	objectVersion = 56;
	objects = {

/* Begin PBXBuildFile section */
		7E7E6D96298C22A90015F1C1 /* AppDelegate.swift in Sources */ = {isa = PBXBuildFile; fileRef = 7E7E6D95298C22A90015F1C1 /* AppDelegate.swift */; };
		7E7E6D98298C22A90015F1C1 /* SceneDelegate.swift in Sources */ = {isa = PBXBuildFile; fileRef = 7E7E6D97298C22A90015F1C1 /* SceneDelegate.swift */; };
		7E7E6D9A298C22A90015F1C1 /* ViewController.swift in Sources */ = {isa = PBXBuildFile; fileRef = 7E7E6D99298C22A90015F1C1 /* ViewController.swift */; };
		7E7E6D9D298C22A90015F1C1 /* Main.storyboard in Resources */ = {isa = PBXBuildFile; fileRef = 7E7E6D9B298C22A90015F1C1 /* Main.storyboard */; };
		7E7E6D9F298C22AA0015F1C1 /* Assets.xcassets in Resources */ = {isa = PBXBuildFile; fileRef = 7E7E6D9E298C22AA0015F1C1 /* Assets.xcassets */; };
		7E7E6DA2298C22AA0015F1C1 /* LaunchScreen.storyboard in Resources */ = {isa = PBXBuildFile; fileRef = 7E7E6DA0298C22AA0015F1C1 /* LaunchScreen.storyboard */; };
		7E7E6DAD298C22AA0015F1C1 /* SwiftCalculatorProjectTests.swift in Sources */ = {isa = PBXBuildFile; fileRef = 7E7E6DAC298C22AA0015F1C1 /* SwiftCalculatorProjectTests.swift */; };
		7E7E6DB7298C22AA0015F1C1 /* SwiftCalculatorProjectUITests.swift in Sources */ = {isa = PBXBuildFile; fileRef = 7E7E6DB6298C22AA0015F1C1 /* SwiftCalculatorProjectUITests.swift */; };
		7E7E6DB9298C22AA0015F1C1 /* SwiftCalculatorProjectUITestsLaunchTests.swift in Sources */ = {isa = PBXBuildFile; fileRef = 7E7E6DB8298C22AA0015F1C1 /* SwiftCalculatorProjectUITestsLaunchTests.swift */; };
/* End PBXBuildFile section */

/* Begin PBXContainerItemProxy section */
		7E7E6DA9298C22AA0015F1C1 /* PBXContainerItemProxy */ = {
			isa = PBXContainerItemProxy;
			containerPortal = 7E7E6D8A298C22A90015F1C1 /* Project object */;
			proxyType = 1;
			remoteGlobalIDString = 7E7E6D91298C22A90015F1C1;
			remoteInfo = SwiftCalculatorProject;
		};
		7E7E6DB3298C22AA0015F1C1 /* PBXContainerItemProxy */ = {
			isa = PBXContainerItemProxy;
			containerPortal = 7E7E6D8A298C22A90015F1C1 /* Project object */;
			proxyType = 1;
			remoteGlobalIDString = 7E7E6D91298C22A90015F1C1;
			remoteInfo = SwiftCalculatorProject;
		};
/* End PBXContainerItemProxy section */

/* Begin PBXFileReference section */
		7E7E6D92298C22A90015F1C1 /* SwiftCalculatorProject.app */ = {isa = PBXFileReference; explicitFileType = wrapper.application; includeInIndex = 0; path = SwiftCalculatorProject.app; sourceTree = BUILT_PRODUCTS_DIR; };
		7E7E6D95298C22A90015F1C1 /* AppDelegate.swift */ = {isa = PBXFileReference; lastKnownFileType = sourcecode.swift; path = AppDelegate.swift; sourceTree = "<group>"; };
		7E7E6D97298C22A90015F1C1 /* SceneDelegate.swift */ = {isa = PBXFileReference; lastKnownFileType = sourcecode.swift; path = SceneDelegate.swift; sourceTree = "<group>"; };
		7E7E6D99298C22A90015F1C1 /* ViewController.swift */ = {isa = PBXFileReference; lastKnownFileType = sourcecode.swift; path = ViewController.swift; sourceTree = "<group>"; };
		7E7E6D9C298C22A90015F1C1 /* Base */ = {isa = PBXFileReference; lastKnownFileType = file.storyboard; name = Base; path = Base.lproj/Main.storyboard; sourceTree = "<group>"; };
		7E7E6D9E298C22AA0015F1C1 /* Assets.xcassets */ = {isa = PBXFileReference; lastKnownFileType = folder.assetcatalog; path = Assets.xcassets; sourceTree = "<group>"; };
		7E7E6DA1298C22AA0015F1C1 /* Base */ = {isa = PBXFileReference; lastKnownFileType = file.storyboard; name = Base; path = Base.lproj/LaunchScreen.storyboard; sourceTree = "<group>"; };
		7E7E6DA3298C22AA0015F1C1 /* Info.plist */ = {isa = PBXFileReference; lastKnownFileType = text.plist.xml; path = Info.plist; sourceTree = "<group>"; };
		7E7E6DA8298C22AA0015F1C1 /* SwiftCalculatorProjectTests.xctest */ = {isa = PBXFileReference; explicitFileType = wrapper.cfbundle; includeInIndex = 0; path = SwiftCalculatorProjectTests.xctest; sourceTree = BUILT_PRODUCTS_DIR; };
		7E7E6DAC298C22AA0015F1C1 /* SwiftCalculatorProjectTests.swift */ = {isa = PBXFileReference; lastKnownFileType = sourcecode.swift; path = SwiftCalculatorProjectTests.swift; sourceTree = "<group>"; };
		7E7E6DB2298C22AA0015F1C1 /* SwiftCalculatorProjectUITests.xctest */ = {isa = PBXFileReference; explicitFileType = wrapper.cfbundle; includeInIndex = 0; path = SwiftCalculatorProjectUITests.xctest; sourceTree = BUILT_PRODUCTS_DIR; };
		7E7E6DB6298C22AA0015F1C1 /* SwiftCalculatorProjectUITests.swift */ = {isa = PBXFileReference; lastKnownFileType = sourcecode.swift; path = SwiftCalculatorProjectUITests.swift; sourceTree = "<group>"; };
		7E7E6DB8298C22AA0015F1C1 /* SwiftCalculatorProjectUITestsLaunchTests.swift */ = {isa = PBXFileReference; lastKnownFileType = sourcecode.swift; path = SwiftCalculatorProjectUITestsLaunchTests.swift; sourceTree = "<group>"; };
/* End PBXFileReference section */

/* Begin PBXFrameworksBuildPhase section */
		7E7E6D8F298C22A90015F1C1 /* Frameworks */ = {
			isa = PBXFrameworksBuildPhase;
			buildActionMask = 2147483647;
			files = (
			);
			runOnlyForDeploymentPostprocessing = 0;
		};
		7E7E6DA5298C22AA0015F1C1 /* Frameworks */ = {
			isa = PBXFrameworksBuildPhase;
			buildActionMask = 2147483647;
			files = (
			);
			runOnlyForDeploymentPostprocessing = 0;
		};
		7E7E6DAF298C22AA0015F1C1 /* Frameworks */ = {
			isa = PBXFrameworksBuildPhase;
			buildActionMask = 2147483647;
			files = (
			);
			runOnlyForDeploymentPostprocessing = 0;
		};
/* End PBXFrameworksBuildPhase section */

/* Begin PBXGroup section */
		7E7E6D89298C22A90015F1C1 = {
			isa = PBXGroup;
			children = (
				7E7E6D94298C22A90015F1C1 /* SwiftCalculatorProject */,
				7E7E6DAB298C22AA0015F1C1 /* SwiftCalculatorProjectTests */,
				7E7E6DB5298C22AA0015F1C1 /* SwiftCalculatorProjectUITests */,
				7E7E6D93298C22A90015F1C1 /* Products */,
			);
			sourceTree = "<group>";
		};
		7E7E6D93298C22A90015F1C1 /* Products */ = {
			isa = PBXGroup;
			children = (
				7E7E6D92298C22A90015F1C1 /* SwiftCalculatorProject.app */,
				7E7E6DA8298C22AA0015F1C1 /* SwiftCalculatorProjectTests.xctest */,
				7E7E6DB2298C22AA0015F1C1 /* SwiftCalculatorProjectUITests.xctest */,
			);
			name = Products;
			sourceTree = "<group>";
		};
		7E7E6D94298C22A90015F1C1 /* SwiftCalculatorProject */ = {
			isa = PBXGroup;
			children = (
				7E7E6D95298C22A90015F1C1 /* AppDelegate.swift */,
				7E7E6D97298C22A90015F1C1 /* SceneDelegate.swift */,
				7E7E6D99298C22A90015F1C1 /* ViewController.swift */,
				7E7E6D9B298C22A90015F1C1 /* Main.storyboard */,
				7E7E6D9E298C22AA0015F1C1 /* Assets.xcassets */,
				7E7E6DA0298C22AA0015F1C1 /* LaunchScreen.storyboard */,
				7E7E6DA3298C22AA0015F1C1 /* Info.plist */,
			);
			path = SwiftCalculatorProject;
			sourceTree = "<group>";
		};
		7E7E6DAB298C22AA0015F1C1 /* SwiftCalculatorProjectTests */ = {
			isa = PBXGroup;
			children = (
				7E7E6DAC298C22AA0015F1C1 /* SwiftCalculatorProjectTests.swift */,
			);
			path = SwiftCalculatorProjectTests;
			sourceTree = "<group>";
		};
		7E7E6DB5298C22AA0015F1C1 /* SwiftCalculatorProjectUITests */ = {
			isa = PBXGroup;
			children = (
				7E7E6DB6298C22AA0015F1C1 /* SwiftCalculatorProjectUITests.swift */,
				7E7E6DB8298C22AA0015F1C1 /* SwiftCalculatorProjectUITestsLaunchTests.swift */,
			);
			path = SwiftCalculatorProjectUITests;
			sourceTree = "<group>";
		};
/* End PBXGroup section */

/* Begin PBXNativeTarget section */
		7E7E6D91298C22A90015F1C1 /* SwiftCalculatorProject */ = {
			isa = PBXNativeTarget;
			buildConfigurationList = 7E7E6DBC298C22AB0015F1C1 /* Build configuration list for PBXNativeTarget "SwiftCalculatorProject" */;
			buildPhases = (
				7E7E6D8E298C22A90015F1C1 /* Sources */,
				7E7E6D8F298C22A90015F1C1 /* Frameworks */,
				7E7E6D90298C22A90015F1C1 /* Resources */,
			);
			buildRules = (
			);
			dependencies = (
			);
			name = SwiftCalculatorProject;
			productName = SwiftCalculatorProject;
			productReference = 7E7E6D92298C22A90015F1C1 /* SwiftCalculatorProject.app */;
			productType = "com.apple.product-type.application";
		};
		7E7E6DA7298C22AA0015F1C1 /* SwiftCalculatorProjectTests */ = {
			isa = PBXNativeTarget;
			buildConfigurationList = 7E7E6DBF298C22AB0015F1C1 /* Build configuration list for PBXNativeTarget "SwiftCalculatorProjectTests" */;
			buildPhases = (
				7E7E6DA4298C22AA0015F1C1 /* Sources */,
				7E7E6DA5298C22AA0015F1C1 /* Frameworks */,
				7E7E6DA6298C22AA0015F1C1 /* Resources */,
			);
			buildRules = (
			);
			dependencies = (
				7E7E6DAA298C22AA0015F1C1 /* PBXTargetDependency */,
			);
			name = SwiftCalculatorProjectTests;
			productName = SwiftCalculatorProjectTests;
			productReference = 7E7E6DA8298C22AA0015F1C1 /* SwiftCalculatorProjectTests.xctest */;
			productType = "com.apple.product-type.bundle.unit-test";
		};
		7E7E6DB1298C22AA0015F1C1 /* SwiftCalculatorProjectUITests */ = {
			isa = PBXNativeTarget;
			buildConfigurationList = 7E7E6DC2298C22AB0015F1C1 /* Build configuration list for PBXNativeTarget "SwiftCalculatorProjectUITests" */;
			buildPhases = (
				7E7E6DAE298C22AA0015F1C1 /* Sources */,
				7E7E6DAF298C22AA0015F1C1 /* Frameworks */,
				7E7E6DB0298C22AA0015F1C1 /* Resources */,
			);
			buildRules = (
			);
			dependencies = (
				7E7E6DB4298C22AA0015F1C1 /* PBXTargetDependency */,
			);
			name = SwiftCalculatorProjectUITests;
			productName = SwiftCalculatorProjectUITests;
			productReference = 7E7E6DB2298C22AA0015F1C1 /* SwiftCalculatorProjectUITests.xctest */;
			productType = "com.apple.product-type.bundle.ui-testing";
		};
/* End PBXNativeTarget section */

/* Begin PBXProject section */
		7E7E6D8A298C22A90015F1C1 /* Project object */ = {
			isa = PBXProject;
			attributes = {
				BuildIndependentTargetsInParallel = 1;
				LastSwiftUpdateCheck = 1420;
				LastUpgradeCheck = 1420;
				TargetAttributes = {
					7E7E6D91298C22A90015F1C1 = {
						CreatedOnToolsVersion = 14.2;
					};
					7E7E6DA7298C22AA0015F1C1 = {
						CreatedOnToolsVersion = 14.2;
						TestTargetID = 7E7E6D91298C22A90015F1C1;
					};
					7E7E6DB1298C22AA0015F1C1 = {
						CreatedOnToolsVersion = 14.2;
						TestTargetID = 7E7E6D91298C22A90015F1C1;
					};
				};
			};
			buildConfigurationList = 7E7E6D8D298C22A90015F1C1 /* Build configuration list for PBXProject "SwiftCalculatorProject" */;
			compatibilityVersion = "Xcode 14.0";
			developmentRegion = en;
			hasScannedForEncodings = 0;
			knownRegions = (
				en,
				Base,
			);
			mainGroup = 7E7E6D89298C22A90015F1C1;
			productRefGroup = 7E7E6D93298C22A90015F1C1 /* Products */;
			projectDirPath = "";
			projectRoot = "";
			targets = (
				7E7E6D91298C22A90015F1C1 /* SwiftCalculatorProject */,
				7E7E6DA7298C22AA0015F1C1 /* SwiftCalculatorProjectTests */,
				7E7E6DB1298C22AA0015F1C1 /* SwiftCalculatorProjectUITests */,
			);
		};
/* End PBXProject section */

/* Begin PBXResourcesBuildPhase section */
		7E7E6D90298C22A90015F1C1 /* Resources */ = {
			isa = PBXResourcesBuildPhase;
			buildActionMask = 2147483647;
			files = (
				7E7E6DA2298C22AA0015F1C1 /* LaunchScreen.storyboard in Resources */,
				7E7E6D9F298C22AA0015F1C1 /* Assets.xcassets in Resources */,
				7E7E6D9D298C22A90015F1C1 /* Main.storyboard in Resources */,
			);
			runOnlyForDeploymentPostprocessing = 0;
		};
		7E7E6DA6298C22AA0015F1C1 /* Resources */ = {
			isa = PBXResourcesBuildPhase;
			buildActionMask = 2147483647;
			files = (
			);
			runOnlyForDeploymentPostprocessing = 0;
		};
		7E7E6DB0298C22AA0015F1C1 /* Resources */ = {
			isa = PBXResourcesBuildPhase;
			buildActionMask = 2147483647;
			files = (
			);
			runOnlyForDeploymentPostprocessing = 0;
		};
/* End PBXResourcesBuildPhase section */

/* Begin PBXSourcesBuildPhase section */
		7E7E6D8E298C22A90015F1C1 /* Sources */ = {
			isa = PBXSourcesBuildPhase;
			buildActionMask = 2147483647;
			files = (
				7E7E6D9A298C22A90015F1C1 /* ViewController.swift in Sources */,
				7E7E6D96298C22A90015F1C1 /* AppDelegate.swift in Sources */,
				7E7E6D98298C22A90015F1C1 /* SceneDelegate.swift in Sources */,
			);
			runOnlyForDeploymentPostprocessing = 0;
		};
		7E7E6DA4298C22AA0015F1C1 /* Sources */ = {
			isa = PBXSourcesBuildPhase;
			buildActionMask = 2147483647;
			files = (
				7E7E6DAD298C22AA0015F1C1 /* SwiftCalculatorProjectTests.swift in Sources */,
			);
			runOnlyForDeploymentPostprocessing = 0;
		};
		7E7E6DAE298C22AA0015F1C1 /* Sources */ = {
			isa = PBXSourcesBuildPhase;
			buildActionMask = 2147483647;
			files = (
				7E7E6DB9298C22AA0015F1C1 /* SwiftCalculatorProjectUITestsLaunchTests.swift in Sources */,
				7E7E6DB7298C22AA0015F1C1 /* SwiftCalculatorProjectUITests.swift in Sources */,
			);
			runOnlyForDeploymentPostprocessing = 0;
		};
/* End PBXSourcesBuildPhase section */

/* Begin PBXTargetDependency section */
		7E7E6DAA298C22AA0015F1C1 /* PBXTargetDependency */ = {
			isa = PBXTargetDependency;
			target = 7E7E6D91298C22A90015F1C1 /* SwiftCalculatorProject */;
			targetProxy = 7E7E6DA9298C22AA0015F1C1 /* PBXContainerItemProxy */;
		};
		7E7E6DB4298C22AA0015F1C1 /* PBXTargetDependency */ = {
			isa = PBXTargetDependency;
			target = 7E7E6D91298C22A90015F1C1 /* SwiftCalculatorProject */;
			targetProxy = 7E7E6DB3298C22AA0015F1C1 /* PBXContainerItemProxy */;
		};
/* End PBXTargetDependency section */

/* Begin PBXVariantGroup section */
		7E7E6D9B298C22A90015F1C1 /* Main.storyboard */ = {
			isa = PBXVariantGroup;
			children = (
				7E7E6D9C298C22A90015F1C1 /* Base */,
			);
			name = Main.storyboard;
			sourceTree = "<group>";
		};
		7E7E6DA0298C22AA0015F1C1 /* LaunchScreen.storyboard */ = {
			isa = PBXVariantGroup;
			children = (
				7E7E6DA1298C22AA0015F1C1 /* Base */,
			);
			name = LaunchScreen.storyboard;
			sourceTree = "<group>";
		};
/* End PBXVariantGroup section */

/* Begin XCBuildConfiguration section */
		7E7E6DBA298C22AA0015F1C1 /* Debug */ = {
			isa = XCBuildConfiguration;
			buildSettings = {
				ALWAYS_SEARCH_USER_PATHS = NO;
				CLANG_ANALYZER_NONNULL = YES;
				CLANG_ANALYZER_NUMBER_OBJECT_CONVERSION = YES_AGGRESSIVE;
				CLANG_CXX_LANGUAGE_STANDARD = "gnu++20";
				CLANG_ENABLE_MODULES = YES;
				CLANG_ENABLE_OBJC_ARC = YES;
				CLANG_ENABLE_OBJC_WEAK = YES;
				CLANG_WARN_BLOCK_CAPTURE_AUTORELEASING = YES;
				CLANG_WARN_BOOL_CONVERSION = YES;
				CLANG_WARN_COMMA = YES;
				CLANG_WARN_CONSTANT_CONVERSION = YES;
				CLANG_WARN_DEPRECATED_OBJC_IMPLEMENTATIONS = YES;
				CLANG_WARN_DIRECT_OBJC_ISA_USAGE = YES_ERROR;
				CLANG_WARN_DOCUMENTATION_COMMENTS = YES;
				CLANG_WARN_EMPTY_BODY = YES;
				CLANG_WARN_ENUM_CONVERSION = YES;
				CLANG_WARN_INFINITE_RECURSION = YES;
				CLANG_WARN_INT_CONVERSION = YES;
				CLANG_WARN_NON_LITERAL_NULL_CONVERSION = YES;
				CLANG_WARN_OBJC_IMPLICIT_RETAIN_SELF = YES;
				CLANG_WARN_OBJC_LITERAL_CONVERSION = YES;
				CLANG_WARN_OBJC_ROOT_CLASS = YES_ERROR;
				CLANG_WARN_QUOTED_INCLUDE_IN_FRAMEWORK_HEADER = YES;
				CLANG_WARN_RANGE_LOOP_ANALYSIS = YES;
				CLANG_WARN_STRICT_PROTOTYPES = YES;
				CLANG_WARN_SUSPICIOUS_MOVE = YES;
				CLANG_WARN_UNGUARDED_AVAILABILITY = YES_AGGRESSIVE;
				CLANG_WARN_UNREACHABLE_CODE = YES;
				CLANG_WARN__DUPLICATE_METHOD_MATCH = YES;
				COPY_PHASE_STRIP = NO;
				DEBUG_INFORMATION_FORMAT = dwarf;
				ENABLE_STRICT_OBJC_MSGSEND = YES;
				ENABLE_TESTABILITY = YES;
				GCC_C_LANGUAGE_STANDARD = gnu11;
				GCC_DYNAMIC_NO_PIC = NO;
				GCC_NO_COMMON_BLOCKS = YES;
				GCC_OPTIMIZATION_LEVEL = 0;
				GCC_PREPROCESSOR_DEFINITIONS = (
					"DEBUG=1",
					"$(inherited)",
				);
				GCC_WARN_64_TO_32_BIT_CONVERSION = YES;
				GCC_WARN_ABOUT_RETURN_TYPE = YES_ERROR;
				GCC_WARN_UNDECLARED_SELECTOR = YES;
				GCC_WARN_UNINITIALIZED_AUTOS = YES_AGGRESSIVE;
				GCC_WARN_UNUSED_FUNCTION = YES;
				GCC_WARN_UNUSED_VARIABLE = YES;
				IPHONEOS_DEPLOYMENT_TARGET = 16.2;
				MTL_ENABLE_DEBUG_INFO = INCLUDE_SOURCE;
				MTL_FAST_MATH = YES;
				ONLY_ACTIVE_ARCH = YES;
				SDKROOT = iphoneos;
				SWIFT_ACTIVE_COMPILATION_CONDITIONS = DEBUG;
				SWIFT_OPTIMIZATION_LEVEL = "-Onone";
			};
			name = Debug;
		};
		7E7E6DBB298C22AB0015F1C1 /* Release */ = {
			isa = XCBuildConfiguration;
			buildSettings = {
				ALWAYS_SEARCH_USER_PATHS = NO;
				CLANG_ANALYZER_NONNULL = YES;
				CLANG_ANALYZER_NUMBER_OBJECT_CONVERSION = YES_AGGRESSIVE;
				CLANG_CXX_LANGUAGE_STANDARD = "gnu++20";
				CLANG_ENABLE_MODULES = YES;
				CLANG_ENABLE_OBJC_ARC = YES;
				CLANG_ENABLE_OBJC_WEAK = YES;
				CLANG_WARN_BLOCK_CAPTURE_AUTORELEASING = YES;
				CLANG_WARN_BOOL_CONVERSION = YES;
				CLANG_WARN_COMMA = YES;
				CLANG_WARN_CONSTANT_CONVERSION = YES;
				CLANG_WARN_DEPRECATED_OBJC_IMPLEMENTATIONS = YES;
				CLANG_WARN_DIRECT_OBJC_ISA_USAGE = YES_ERROR;
				CLANG_WARN_DOCUMENTATION_COMMENTS = YES;
				CLANG_WARN_EMPTY_BODY = YES;
				CLANG_WARN_ENUM_CONVERSION = YES;
				CLANG_WARN_INFINITE_RECURSION = YES;
				CLANG_WARN_INT_CONVERSION = YES;
				CLANG_WARN_NON_LITERAL_NULL_CONVERSION = YES;
				CLANG_WARN_OBJC_IMPLICIT_RETAIN_SELF = YES;
				CLANG_WARN_OBJC_LITERAL_CONVERSION = YES;
				CLANG_WARN_OBJC_ROOT_CLASS = YES_ERROR;
				CLANG_WARN_QUOTED_INCLUDE_IN_FRAMEWORK_HEADER = YES;
				CLANG_WARN_RANGE_LOOP_ANALYSIS = YES;
				CLANG_WARN_STRICT_PROTOTYPES = YES;
				CLANG_WARN_SUSPICIOUS_MOVE = YES;
				CLANG_WARN_UNGUARDED_AVAILABILITY = YES_AGGRESSIVE;
				CLANG_WARN_UNREACHABLE_CODE = YES;
				CLANG_WARN__DUPLICATE_METHOD_MATCH = YES;
				COPY_PHASE_STRIP = NO;
				DEBUG_INFORMATION_FORMAT = "dwarf-with-dsym";
				ENABLE_NS_ASSERTIONS = NO;
				ENABLE_STRICT_OBJC_MSGSEND = YES;
				GCC_C_LANGUAGE_STANDARD = gnu11;
				GCC_NO_COMMON_BLOCKS = YES;
				GCC_WARN_64_TO_32_BIT_CONVERSION = YES;
				GCC_WARN_ABOUT_RETURN_TYPE = YES_ERROR;
				GCC_WARN_UNDECLARED_SELECTOR = YES;
				GCC_WARN_UNINITIALIZED_AUTOS = YES_AGGRESSIVE;
				GCC_WARN_UNUSED_FUNCTION = YES;
				GCC_WARN_UNUSED_VARIABLE = YES;
				IPHONEOS_DEPLOYMENT_TARGET = 16.2;
				MTL_ENABLE_DEBUG_INFO = NO;
				MTL_FAST_MATH = YES;
				SDKROOT = iphoneos;
				SWIFT_COMPILATION_MODE = wholemodule;
				SWIFT_OPTIMIZATION_LEVEL = "-O";
				VALIDATE_PRODUCT = YES;
			};
			name = Release;
		};
		7E7E6DBD298C22AB0015F1C1 /* Debug */ = {
			isa = XCBuildConfiguration;
			buildSettings = {
				ASSETCATALOG_COMPILER_APPICON_NAME = AppIcon;
				ASSETCATALOG_COMPILER_GLOBAL_ACCENT_COLOR_NAME = AccentColor;
				CODE_SIGN_STYLE = Automatic;
				CURRENT_PROJECT_VERSION = 1;
				GENERATE_INFOPLIST_FILE = YES;
				INFOPLIST_FILE = SwiftCalculatorProject/Info.plist;
				INFOPLIST_KEY_UIApplicationSupportsIndirectInputEvents = YES;
				INFOPLIST_KEY_UILaunchStoryboardName = LaunchScreen;
				INFOPLIST_KEY_UIMainStoryboardFile = Main;
				INFOPLIST_KEY_UISupportedInterfaceOrientations_iPad = "UIInterfaceOrientationPortrait UIInterfaceOrientationPortraitUpsideDown UIInterfaceOrientationLandscapeLeft UIInterfaceOrientationLandscapeRight";
				INFOPLIST_KEY_UISupportedInterfaceOrientations_iPhone = "UIInterfaceOrientationPortrait UIInterfaceOrientationLandscapeLeft UIInterfaceOrientationLandscapeRight";
				LD_RUNPATH_SEARCH_PATHS = (
					"$(inherited)",
					"@executable_path/Frameworks",
				);
				MARKETING_VERSION = 1.0;
				PRODUCT_BUNDLE_IDENTIFIER = mainasignment.SwiftCalculatorProject;
				PRODUCT_NAME = "$(TARGET_NAME)";
				SWIFT_EMIT_LOC_STRINGS = YES;
				SWIFT_VERSION = 5.0;
				TARGETED_DEVICE_FAMILY = "1,2";
			};
			name = Debug;
		};
		7E7E6DBE298C22AB0015F1C1 /* Release */ = {
			isa = XCBuildConfiguration;
			buildSettings = {
				ASSETCATALOG_COMPILER_APPICON_NAME = AppIcon;
				ASSETCATALOG_COMPILER_GLOBAL_ACCENT_COLOR_NAME = AccentColor;
				CODE_SIGN_STYLE = Automatic;
				CURRENT_PROJECT_VERSION = 1;
				GENERATE_INFOPLIST_FILE = YES;
				INFOPLIST_FILE = SwiftCalculatorProject/Info.plist;
				INFOPLIST_KEY_UIApplicationSupportsIndirectInputEvents = YES;
				INFOPLIST_KEY_UILaunchStoryboardName = LaunchScreen;
				INFOPLIST_KEY_UIMainStoryboardFile = Main;
				INFOPLIST_KEY_UISupportedInterfaceOrientations_iPad = "UIInterfaceOrientationPortrait UIInterfaceOrientationPortraitUpsideDown UIInterfaceOrientationLandscapeLeft UIInterfaceOrientationLandscapeRight";
				INFOPLIST_KEY_UISupportedInterfaceOrientations_iPhone = "UIInterfaceOrientationPortrait UIInterfaceOrientationLandscapeLeft UIInterfaceOrientationLandscapeRight";
				LD_RUNPATH_SEARCH_PATHS = (
					"$(inherited)",
					"@executable_path/Frameworks",
				);
				MARKETING_VERSION = 1.0;
				PRODUCT_BUNDLE_IDENTIFIER = mainasignment.SwiftCalculatorProject;
				PRODUCT_NAME = "$(TARGET_NAME)";
				SWIFT_EMIT_LOC_STRINGS = YES;
				SWIFT_VERSION = 5.0;
				TARGETED_DEVICE_FAMILY = "1,2";
			};
			name = Release;
		};
		7E7E6DC0298C22AB0015F1C1 /* Debug */ = {
			isa = XCBuildConfiguration;
			buildSettings = {
				ALWAYS_EMBED_SWIFT_STANDARD_LIBRARIES = YES;
				BUNDLE_LOADER = "$(TEST_HOST)";
				CODE_SIGN_STYLE = Automatic;
				CURRENT_PROJECT_VERSION = 1;
				GENERATE_INFOPLIST_FILE = YES;
				IPHONEOS_DEPLOYMENT_TARGET = 16.2;
				MARKETING_VERSION = 1.0;
				PRODUCT_BUNDLE_IDENTIFIER = mainasignment.SwiftCalculatorProjectTests;
				PRODUCT_NAME = "$(TARGET_NAME)";
				SWIFT_EMIT_LOC_STRINGS = NO;
				SWIFT_VERSION = 5.0;
				TARGETED_DEVICE_FAMILY = "1,2";
				TEST_HOST = "$(BUILT_PRODUCTS_DIR)/SwiftCalculatorProject.app/$(BUNDLE_EXECUTABLE_FOLDER_PATH)/SwiftCalculatorProject";
			};
			name = Debug;
		};
		7E7E6DC1298C22AB0015F1C1 /* Release */ = {
			isa = XCBuildConfiguration;
			buildSettings = {
				ALWAYS_EMBED_SWIFT_STANDARD_LIBRARIES = YES;
				BUNDLE_LOADER = "$(TEST_HOST)";
				CODE_SIGN_STYLE = Automatic;
				CURRENT_PROJECT_VERSION = 1;
				GENERATE_INFOPLIST_FILE = YES;
				IPHONEOS_DEPLOYMENT_TARGET = 16.2;
				MARKETING_VERSION = 1.0;
				PRODUCT_BUNDLE_IDENTIFIER = mainasignment.SwiftCalculatorProjectTests;
				PRODUCT_NAME = "$(TARGET_NAME)";
				SWIFT_EMIT_LOC_STRINGS = NO;
				SWIFT_VERSION = 5.0;
				TARGETED_DEVICE_FAMILY = "1,2";
				TEST_HOST = "$(BUILT_PRODUCTS_DIR)/SwiftCalculatorProject.app/$(BUNDLE_EXECUTABLE_FOLDER_PATH)/SwiftCalculatorProject";
			};
			name = Release;
		};
		7E7E6DC3298C22AB0015F1C1 /* Debug */ = {
			isa = XCBuildConfiguration;
			buildSettings = {
				ALWAYS_EMBED_SWIFT_STANDARD_LIBRARIES = YES;
				CODE_SIGN_STYLE = Automatic;
				CURRENT_PROJECT_VERSION = 1;
				GENERATE_INFOPLIST_FILE = YES;
				MARKETING_VERSION = 1.0;
				PRODUCT_BUNDLE_IDENTIFIER = mainasignment.SwiftCalculatorProjectUITests;
				PRODUCT_NAME = "$(TARGET_NAME)";
				SWIFT_EMIT_LOC_STRINGS = NO;
				SWIFT_VERSION = 5.0;
				TARGETED_DEVICE_FAMILY = "1,2";
				TEST_TARGET_NAME = SwiftCalculatorProject;
			};
			name = Debug;
		};
		7E7E6DC4298C22AB0015F1C1 /* Release */ = {
			isa = XCBuildConfiguration;
			buildSettings = {
				ALWAYS_EMBED_SWIFT_STANDARD_LIBRARIES = YES;
				CODE_SIGN_STYLE = Automatic;
				CURRENT_PROJECT_VERSION = 1;
				GENERATE_INFOPLIST_FILE = YES;
				MARKETING_VERSION = 1.0;
				PRODUCT_BUNDLE_IDENTIFIER = mainasignment.SwiftCalculatorProjectUITests;
				PRODUCT_NAME = "$(TARGET_NAME)";
				SWIFT_EMIT_LOC_STRINGS = NO;
				SWIFT_VERSION = 5.0;
				TARGETED_DEVICE_FAMILY = "1,2";
				TEST_TARGET_NAME = SwiftCalculatorProject;
			};
			name = Release;
		};
/* End XCBuildConfiguration section */

/* Begin XCConfigurationList section */
		7E7E6D8D298C22A90015F1C1 /* Build configuration list for PBXProject "SwiftCalculatorProject" */ = {
			isa = XCConfigurationList;
			buildConfigurations = (
				7E7E6DBA298C22AA0015F1C1 /* Debug */,
				7E7E6DBB298C22AB0015F1C1 /* Release */,
			);
			defaultConfigurationIsVisible = 0;
			defaultConfigurationName = Release;
		};
		7E7E6DBC298C22AB0015F1C1 /* Build configuration list for PBXNativeTarget "SwiftCalculatorProject" */ = {
			isa = XCConfigurationList;
			buildConfigurations = (
				7E7E6DBD298C22AB0015F1C1 /* Debug */,
				7E7E6DBE298C22AB0015F1C1 /* Release */,
			);
			defaultConfigurationIsVisible = 0;
			defaultConfigurationName = Release;
		};
		7E7E6DBF298C22AB0015F1C1 /* Build configuration list for PBXNativeTarget "SwiftCalculatorProjectTests" */ = {
			isa = XCConfigurationList;
			buildConfigurations = (
				7E7E6DC0298C22AB0015F1C1 /* Debug */,
				7E7E6DC1298C22AB0015F1C1 /* Release */,
			);
			defaultConfigurationIsVisible = 0;
			defaultConfigurationName = Release;
		};
		7E7E6DC2298C22AB0015F1C1 /* Build configuration list for PBXNativeTarget "SwiftCalculatorProjectUITests" */ = {
			isa = XCConfigurationList;
			buildConfigurations = (
				7E7E6DC3298C22AB0015F1C1 /* Debug */,
				7E7E6DC4298C22AB0015F1C1 /* Release */,
			);
			defaultConfigurationIsVisible = 0;
			defaultConfigurationName = Release;
		};
/* End XCConfigurationList section */
	};
	rootObject = 7E7E6D8A298C22A90015F1C1 /* Project object */;
}
